
Microsoft Visual Studio Solution File, Format Version 12.00
# Visual Studio 15
VisualStudioVersion = 15.0.28307.1684
MinimumVisualStudioVersion = 10.0.40219.1
Project("{FAE04EC0-301F-11D3-BF4B-00C04F79EFBC}") = "Enumeração", "Enumeração\Enumeração.csproj", "{D127EFA8-800C-4BFA-9A89-9E46905CADD8}"
EndProject
Project("{FAE04EC0-301F-11D3-BF4B-00C04F79EFBC}") = "Exercício", "Exercício\Exercício.csproj", "{6805782A-9D6E-4E4F-ACF0-AC37BC7D47A4}"
EndProject
Global
	GlobalSection(SolutionConfigurationPlatforms) = preSolution
		Debug|Any CPU = Debug|Any CPU
		Release|Any CPU = Release|Any CPU
	EndGlobalSection
	GlobalSection(ProjectConfigurationPlatforms) = postSolution
		{D127EFA8-800C-4BFA-9A89-9E46905CADD8}.Debug|Any CPU.ActiveCfg = Debug|Any CPU
		{D127EFA8-800C-4BFA-9A89-9E46905CADD8}.Debug|Any CPU.Build.0 = Debug|Any CPU
		{D127EFA8-800C-4BFA-9A89-9E46905CADD8}.Release|Any CPU.ActiveCfg = Release|Any CPU
		{D127EFA8-800C-4BFA-9A89-9E46905CADD8}.Release|Any CPU.Build.0 = Release|Any CPU
		{6805782A-9D6E-4E4F-ACF0-AC37BC7D47A4}.Debug|Any CPU.ActiveCfg = Debug|Any CPU
		{6805782A-9D6E-4E4F-ACF0-AC37BC7D47A4}.Debug|Any CPU.Build.0 = Debug|Any CPU
		{6805782A-9D6E-4E4F-ACF0-AC37BC7D47A4}.Release|Any CPU.ActiveCfg = Release|Any CPU
		{6805782A-9D6E-4E4F-ACF0-AC37BC7D47A4}.Release|Any CPU.Build.0 = Release|Any CPU
	EndGlobalSection
	GlobalSection(SolutionProperties) = preSolution
		HideSolutionNode = FALSE
	EndGlobalSection
	GlobalSection(ExtensibilityGlobals) = postSolution
		SolutionGuid = {4DFF025E-D236-48FF-9391-B7920684D913}
	EndGlobalSection
EndGlobal
